# THIS IS AN AUTOGENERATED FILE. DO NOT EDIT THIS FILE DIRECTLY.
# yarn lockfile v1


"@babel/code-frame@^7.10.4":
  version "7.12.13"
  resolved "https://registry.yarnpkg.com/@babel/code-frame/-/code-frame-7.12.13.tgz#dcfc826beef65e75c50e21d3837d7d95798dd658"
  integrity sha512-HV1Cm0Q3ZrpCR93tkWOYiuYIgLxZXZFVG2VgK+MBWjUqZTundupbfx2aXarXuw5Ko5aMcjtJgbSs4vUGBS5v6g==
  dependencies:
    "@babel/highlight" "^7.12.13"

"@babel/helper-validator-identifier@^7.12.11":
  version "7.12.11"
  resolved "https://registry.yarnpkg.com/@babel/helper-validator-identifier/-/helper-validator-identifier-7.12.11.tgz#c9a1f021917dcb5ccf0d4e453e399022981fc9ed"
  integrity sha512-np/lG3uARFybkoHokJUmf1QfEvRVCPbmQeUQpKow5cQ3xWrV9i3rUHodKDJPQfTVX61qKi+UdYk8kik84n7XOw==

"@babel/highlight@^7.12.13":
  version "7.12.13"
  resolved "https://registry.yarnpkg.com/@babel/highlight/-/highlight-7.12.13.tgz#8ab538393e00370b26271b01fa08f7f27f2e795c"
  integrity sha512-kocDQvIbgMKlWxXe9fof3TQ+gkIPOUSEYhJjqUjvKMez3krV7vbzYCDq39Oj11UAVK7JqPVGQPlgE85dPNlQww==
  dependencies:
    "@babel/helper-validator-identifier" "^7.12.11"
    chalk "^2.0.0"
    js-tokens "^4.0.0"

"@babel/runtime-corejs3@^7.10.2":
  version "7.12.18"
  resolved "https://registry.yarnpkg.com/@babel/runtime-corejs3/-/runtime-corejs3-7.12.18.tgz#e5663237e5658e4c09586995d2dd6d2c8cfd6fc0"
  integrity sha512-ngR7yhNTjDxxe1VYmhqQqqXZWujGb6g0IoA4qeG6MxNGRnIw2Zo8ImY8HfaQ7l3T6GklWhdNfyhWk0C0iocdVA==
  dependencies:
    core-js-pure "^3.0.0"
    regenerator-runtime "^0.13.4"

"@babel/runtime@^7.10.2", "@babel/runtime@^7.5.5":
  version "7.12.18"
  resolved "https://registry.yarnpkg.com/@babel/runtime/-/runtime-7.12.18.tgz#af137bd7e7d9705a412b3caaf991fe6aaa97831b"
  integrity sha512-BogPQ7ciE6SYAUPtlm9tWbgI9+2AgqSam6QivMgXgAT+fKbgppaj4ZX15MHeLC1PVF5sNk70huBu20XxWOs8Cg==
  dependencies:
    regenerator-runtime "^0.13.4"

"@babel/runtime@^7.12.5", "@babel/runtime@^7.14.8", "@babel/runtime@^7.3.1", "@babel/runtime@^7.4.4", "@babel/runtime@^7.8.3", "@babel/runtime@^7.8.7", "@babel/runtime@^7.9.2":
  version "7.15.4"
  resolved "https://registry.yarnpkg.com/@babel/runtime/-/runtime-7.15.4.tgz#fd17d16bfdf878e6dd02d19753a39fa8a8d9c84a"
  integrity sha512-99catp6bHCaxr4sJ/DbTGgHS4+Rs2RVd2g7iOap6SLGPDknRK9ztKNsE/Fg6QhSeh1FGE5f6gHGQmvvn3I3xhw==
  dependencies:
    regenerator-runtime "^0.13.4"

"@emotion/hash@^0.8.0":
  version "0.8.0"
  resolved "https://registry.yarnpkg.com/@emotion/hash/-/hash-0.8.0.tgz#bbbff68978fefdbe68ccb533bc8cbe1d1afb5413"
  integrity sha512-kBJtf7PH6aWwZ6fka3zQ0p6SBYzx4fl1LoZXE2RrnYST9Xljm7WfKJrU4g/Xr3Beg72MLrp1AWNUmuYJTL7Cow==

"@jest/types@^26.6.2":
  version "26.6.2"
  resolved "https://registry.yarnpkg.com/@jest/types/-/types-26.6.2.tgz#bef5a532030e1d88a2f5a6d933f84e97226ed48e"
  integrity sha512-fC6QCp7Sc5sX6g8Tvbmj4XUTbyrik0akgRy03yjXbQaBWWNWGE7SGtJk98m0N8nzegD/7SggrUlivxo5ax4KWQ==
  dependencies:
    "@types/istanbul-lib-coverage" "^2.0.0"
    "@types/istanbul-reports" "^3.0.0"
    "@types/node" "*"
    "@types/yargs" "^15.0.0"
    chalk "^4.0.0"

"@jest/types@^27.1.0":
  version "27.1.0"
  resolved "https://registry.yarnpkg.com/@jest/types/-/types-27.1.0.tgz#674a40325eab23c857ebc0689e7e191a3c5b10cc"
  integrity sha512-pRP5cLIzN7I7Vp6mHKRSaZD7YpBTK7hawx5si8trMKqk4+WOdK8NEKOTO2G8PKWD1HbKMVckVB6/XHh/olhf2g==
  dependencies:
    "@types/istanbul-lib-coverage" "^2.0.0"
    "@types/istanbul-reports" "^3.0.0"
    "@types/node" "*"
    "@types/yargs" "^16.0.0"
    chalk "^4.0.0"

"@material-ui/core@^4.12.3":
  version "4.12.3"
  resolved "https://registry.yarnpkg.com/@material-ui/core/-/core-4.12.3.tgz#80d665caf0f1f034e52355c5450c0e38b099d3ca"
  integrity sha512-sdpgI/PL56QVsEJldwEe4FFaFTLUqN+rd7sSZiRCdx2E/C7z5yK0y/khAWVBH24tXwto7I1hCzNWfJGZIYJKnw==
  dependencies:
    "@babel/runtime" "^7.4.4"
    "@material-ui/styles" "^4.11.4"
    "@material-ui/system" "^4.12.1"
    "@material-ui/types" "5.1.0"
    "@material-ui/utils" "^4.11.2"
    "@types/react-transition-group" "^4.2.0"
    clsx "^1.0.4"
    hoist-non-react-statics "^3.3.2"
    popper.js "1.16.1-lts"
    prop-types "^15.7.2"
    react-is "^16.8.0 || ^17.0.0"
    react-transition-group "^4.4.0"

"@material-ui/icons@^4.11.2":
  version "4.11.2"
  resolved "https://registry.yarnpkg.com/@material-ui/icons/-/icons-4.11.2.tgz#b3a7353266519cd743b6461ae9fdfcb1b25eb4c5"
  integrity sha512-fQNsKX2TxBmqIGJCSi3tGTO/gZ+eJgWmMJkgDiOfyNaunNaxcklJQFaFogYcFl0qFuaEz1qaXYXboa/bUXVSOQ==
  dependencies:
    "@babel/runtime" "^7.4.4"

"@material-ui/lab@^4.0.0-alpha.60":
  version "4.0.0-alpha.60"
  resolved "https://registry.yarnpkg.com/@material-ui/lab/-/lab-4.0.0-alpha.60.tgz#5ad203aed5a8569b0f1753945a21a05efa2234d2"
  integrity sha512-fadlYsPJF+0fx2lRuyqAuJj7hAS1tLDdIEEdov5jlrpb5pp4b+mRDUqQTUxi4inRZHS1bEXpU8QWUhO6xX88aA==
  dependencies:
    "@babel/runtime" "^7.4.4"
    "@material-ui/utils" "^4.11.2"
    clsx "^1.0.4"
    prop-types "^15.7.2"
    react-is "^16.8.0 || ^17.0.0"

"@material-ui/styles@^4.11.4":
  version "4.11.4"
  resolved "https://registry.yarnpkg.com/@material-ui/styles/-/styles-4.11.4.tgz#eb9dfccfcc2d208243d986457dff025497afa00d"
  integrity sha512-KNTIZcnj/zprG5LW0Sao7zw+yG3O35pviHzejMdcSGCdWbiO8qzRgOYL8JAxAsWBKOKYwVZxXtHWaB5T2Kvxew==
  dependencies:
    "@babel/runtime" "^7.4.4"
    "@emotion/hash" "^0.8.0"
    "@material-ui/types" "5.1.0"
    "@material-ui/utils" "^4.11.2"
    clsx "^1.0.4"
    csstype "^2.5.2"
    hoist-non-react-statics "^3.3.2"
    jss "^10.5.1"
    jss-plugin-camel-case "^10.5.1"
    jss-plugin-default-unit "^10.5.1"
    jss-plugin-global "^10.5.1"
    jss-plugin-nested "^10.5.1"
    jss-plugin-props-sort "^10.5.1"
    jss-plugin-rule-value-function "^10.5.1"
    jss-plugin-vendor-prefixer "^10.5.1"
    prop-types "^15.7.2"

"@material-ui/system@^4.12.1":
  version "4.12.1"
  resolved "https://registry.yarnpkg.com/@material-ui/system/-/system-4.12.1.tgz#2dd96c243f8c0a331b2bb6d46efd7771a399707c"
  integrity sha512-lUdzs4q9kEXZGhbN7BptyiS1rLNHe6kG9o8Y307HCvF4sQxbCgpL2qi+gUk+yI8a2DNk48gISEQxoxpgph0xIw==
  dependencies:
    "@babel/runtime" "^7.4.4"
    "@material-ui/utils" "^4.11.2"
    csstype "^2.5.2"
    prop-types "^15.7.2"

"@material-ui/types@5.1.0":
  version "5.1.0"
  resolved "https://registry.yarnpkg.com/@material-ui/types/-/types-5.1.0.tgz#efa1c7a0b0eaa4c7c87ac0390445f0f88b0d88f2"
  integrity sha512-7cqRjrY50b8QzRSYyhSpx4WRw2YuO0KKIGQEVk5J8uoz2BanawykgZGoWEqKm7pVIbzFDN0SpPcVV4IhOFkl8A==

"@material-ui/utils@^4.11.2":
  version "4.11.2"
  resolved "https://registry.yarnpkg.com/@material-ui/utils/-/utils-4.11.2.tgz#f1aefa7e7dff2ebcb97d31de51aecab1bb57540a"
  integrity sha512-Uul8w38u+PICe2Fg2pDKCaIG7kOyhowZ9vjiC1FsVwPABTW8vPPKfF6OvxRq3IiBaI1faOJmgdvMG7rMJARBhA==
  dependencies:
    "@babel/runtime" "^7.4.4"
    prop-types "^15.7.2"
    react-is "^16.8.0 || ^17.0.0"

"@mui/icons-material@^5.0.0-rc.0":
  version "5.0.0-rc.0"
  resolved "https://registry.yarnpkg.com/@mui/icons-material/-/icons-material-5.0.0-rc.0.tgz#6ae79f68a96f3253b1d986534188bba0dd2563db"
  integrity sha512-iOxnvEADBvh4j5FRKqdn/5MEzkfX8Kl4xa/VkYblmLzAC6Sdrhy1NIR4ln3ipQ9N98YCwMhHcjS3OujwRwLy+g==
  dependencies:
    "@babel/runtime" "^7.14.8"

"@testing-library/dom@^7.28.1":
  version "7.31.2"
  resolved "https://registry.yarnpkg.com/@testing-library/dom/-/dom-7.31.2.tgz#df361db38f5212b88555068ab8119f5d841a8c4a"
  integrity sha512-3UqjCpey6HiTZT92vODYLPxTBWlM8ZOOjr3LX5F37/VRipW2M1kX6I/Cm4VXzteZqfGfagg8yXywpcOgQBlNsQ==
  dependencies:
    "@babel/code-frame" "^7.10.4"
    "@babel/runtime" "^7.12.5"
    "@types/aria-query" "^4.2.0"
    aria-query "^4.2.2"
    chalk "^4.1.0"
    dom-accessibility-api "^0.5.6"
    lz-string "^1.4.4"
    pretty-format "^26.6.2"

"@testing-library/jest-dom@^5.11.4":
  version "5.14.1"
  resolved "https://registry.yarnpkg.com/@testing-library/jest-dom/-/jest-dom-5.14.1.tgz#8501e16f1e55a55d675fe73eecee32cdaddb9766"
  integrity sha512-dfB7HVIgTNCxH22M1+KU6viG5of2ldoA5ly8Ar8xkezKHKXjRvznCdbMbqjYGgO2xjRbwnR+rR8MLUIqF3kKbQ==
  dependencies:
    "@babel/runtime" "^7.9.2"
    "@types/testing-library__jest-dom" "^5.9.1"
    aria-query "^4.2.2"
    chalk "^3.0.0"
    css "^3.0.0"
    css.escape "^1.5.1"
    dom-accessibility-api "^0.5.6"
    lodash "^4.17.15"
    redent "^3.0.0"

"@testing-library/react@^11.1.0":
  version "11.2.7"
  resolved "https://registry.yarnpkg.com/@testing-library/react/-/react-11.2.7.tgz#b29e2e95c6765c815786c0bc1d5aed9cb2bf7818"
  integrity sha512-tzRNp7pzd5QmbtXNG/mhdcl7Awfu/Iz1RaVHY75zTdOkmHCuzMhRL83gWHSgOAcjS3CCbyfwUHMZgRJb4kAfpA==
  dependencies:
    "@babel/runtime" "^7.12.5"
    "@testing-library/dom" "^7.28.1"

"@testing-library/user-event@^12.1.10":
  version "12.8.3"
  resolved "https://registry.yarnpkg.com/@testing-library/user-event/-/user-event-12.8.3.tgz#1aa3ed4b9f79340a1e1836bc7f57c501e838704a"
  integrity sha512-IR0iWbFkgd56Bu5ZI/ej8yQwrkCv8Qydx6RzwbKz9faXazR/+5tvYKsZQgyXJiwgpcva127YO6JcWy7YlCfofQ==
  dependencies:
    "@babel/runtime" "^7.12.5"

"@types/aria-query@^4.2.0":
  version "4.2.2"
  resolved "https://registry.yarnpkg.com/@types/aria-query/-/aria-query-4.2.2.tgz#ed4e0ad92306a704f9fb132a0cfcf77486dbe2bc"
  integrity sha512-HnYpAE1Y6kRyKM/XkEuiRQhTHvkzMBurTHnpFLYLBGPIylZNPs9jJcuOOYWxPLJCSEtmZT0Y8rHDokKN7rRTig==

"@types/istanbul-lib-coverage@*", "@types/istanbul-lib-coverage@^2.0.0":
  version "2.0.3"
  resolved "https://registry.yarnpkg.com/@types/istanbul-lib-coverage/-/istanbul-lib-coverage-2.0.3.tgz#4ba8ddb720221f432e443bd5f9117fd22cfd4762"
  integrity sha512-sz7iLqvVUg1gIedBOvlkxPlc8/uVzyS5OwGz1cKjXzkl3FpL3al0crU8YGU1WoHkxn0Wxbw5tyi6hvzJKNzFsw==

"@types/istanbul-lib-report@*":
  version "3.0.0"
  resolved "https://registry.yarnpkg.com/@types/istanbul-lib-report/-/istanbul-lib-report-3.0.0.tgz#c14c24f18ea8190c118ee7562b7ff99a36552686"
  integrity sha512-plGgXAPfVKFoYfa9NpYDAkseG+g6Jr294RqeqcqDixSbU34MZVJRi/P+7Y8GDpzkEwLaGZZOpKIEmeVZNtKsrg==
  dependencies:
    "@types/istanbul-lib-coverage" "*"

"@types/istanbul-reports@^3.0.0":
  version "3.0.0"
  resolved "https://registry.yarnpkg.com/@types/istanbul-reports/-/istanbul-reports-3.0.0.tgz#508b13aa344fa4976234e75dddcc34925737d821"
  integrity sha512-nwKNbvnwJ2/mndE9ItP/zc2TCzw6uuodnF4EHYWD+gCQDVBuRQL5UzbZD0/ezy1iKsFU2ZQiDqg4M9dN4+wZgA==
  dependencies:
    "@types/istanbul-lib-report" "*"

"@types/jest@*":
  version "27.0.1"
  resolved "https://registry.yarnpkg.com/@types/jest/-/jest-27.0.1.tgz#fafcc997da0135865311bb1215ba16dba6bdf4ca"
  integrity sha512-HTLpVXHrY69556ozYkcq47TtQJXpcWAWfkoqz+ZGz2JnmZhzlRjprCIyFnetSy8gpDWwTTGBcRVv1J1I1vBrHw==
  dependencies:
    jest-diff "^27.0.0"
    pretty-format "^27.0.0"

"@types/node@*":
  version "14.14.31"
  resolved "https://registry.yarnpkg.com/@types/node/-/node-14.14.31.tgz#72286bd33d137aa0d152d47ec7c1762563d34055"
  integrity sha512-vFHy/ezP5qI0rFgJ7aQnjDXwAMrG0KqqIH7tQG5PPv3BWBayOPIQNBjVc/P6hhdZfMx51REc6tfDNXHUio893g==

"@types/prop-types@*":
  version "15.7.4"
  resolved "https://registry.yarnpkg.com/@types/prop-types/-/prop-types-15.7.4.tgz#fcf7205c25dff795ee79af1e30da2c9790808f11"
  integrity sha512-rZ5drC/jWjrArrS8BR6SIr4cWpW09RNTYt9AMZo3Jwwif+iacXAqgVjm0B0Bv/S1jhDXKHqRVNCbACkJ89RAnQ==

"@types/react-transition-group@^4.2.0":
  version "4.4.2"
  resolved "https://registry.yarnpkg.com/@types/react-transition-group/-/react-transition-group-4.4.2.tgz#38890fd9db68bf1f2252b99a942998dc7877c5b3"
  integrity sha512-KibDWL6nshuOJ0fu8ll7QnV/LVTo3PzQ9aCPnRUYPfX7eZohHwLIdNHj7pftanREzHNP4/nJa8oeM73uSiavMQ==
  dependencies:
    "@types/react" "*"

"@types/react@*":
  version "17.0.20"
  resolved "https://registry.yarnpkg.com/@types/react/-/react-17.0.20.tgz#a4284b184d47975c71658cd69e759b6bd37c3b8c"
  integrity sha512-wWZrPlihslrPpcKyCSlmIlruakxr57/buQN1RjlIeaaTWDLtJkTtRW429MoQJergvVKc4IWBpRhWw7YNh/7GVA==
  dependencies:
    "@types/prop-types" "*"
    "@types/scheduler" "*"
    csstype "^3.0.2"

"@types/scheduler@*":
  version "0.16.2"
  resolved "https://registry.yarnpkg.com/@types/scheduler/-/scheduler-0.16.2.tgz#1a62f89525723dde24ba1b01b092bf5df8ad4d39"
  integrity sha512-hppQEBDmlwhFAXKJX2KnWLYu5yMfi91yazPb2l+lbJiwW+wdo1gNeRA+3RgNSO39WYX2euey41KEwnqesU2Jew==

"@types/testing-library__jest-dom@^5.9.1":
  version "5.14.1"
  resolved "https://registry.yarnpkg.com/@types/testing-library__jest-dom/-/testing-library__jest-dom-5.14.1.tgz#014162a5cee6571819d48e999980694e2f657c3c"
  integrity sha512-Gk9vaXfbzc5zCXI9eYE9BI5BNHEp4D3FWjgqBE/ePGYElLAP+KvxBcsdkwfIVvezs605oiyd/VrpiHe3Oeg+Aw==
  dependencies:
    "@types/jest" "*"

"@types/yargs-parser@*":
  version "20.2.0"
  resolved "https://registry.yarnpkg.com/@types/yargs-parser/-/yargs-parser-20.2.0.tgz#dd3e6699ba3237f0348cd085e4698780204842f9"
  integrity sha512-37RSHht+gzzgYeobbG+KWryeAW8J33Nhr69cjTqSYymXVZEN9NbRYWoYlRtDhHKPVT1FyNKwaTPC1NynKZpzRA==

"@types/yargs@^15.0.0":
  version "15.0.13"
  resolved "https://registry.yarnpkg.com/@types/yargs/-/yargs-15.0.13.tgz#34f7fec8b389d7f3c1fd08026a5763e072d3c6dc"
  integrity sha512-kQ5JNTrbDv3Rp5X2n/iUu37IJBDU2gsZ5R/g1/KHOOEc5IKfUFjXT6DENPGduh08I/pamwtEq4oul7gUqKTQDQ==
  dependencies:
    "@types/yargs-parser" "*"

"@types/yargs@^16.0.0":
  version "16.0.4"
  resolved "https://registry.yarnpkg.com/@types/yargs/-/yargs-16.0.4.tgz#26aad98dd2c2a38e421086ea9ad42b9e51642977"
  integrity sha512-T8Yc9wt/5LbJyCaLiHPReJa0kApcIgJ7Bn735GjItUfh08Z1pJvu8QZqb9s+mMvKV6WUQRV7K2R46YbjMXTTJw==
  dependencies:
    "@types/yargs-parser" "*"

ansi-regex@^5.0.0:
  version "5.0.0"
  resolved "https://registry.yarnpkg.com/ansi-regex/-/ansi-regex-5.0.0.tgz#388539f55179bf39339c81af30a654d69f87cb75"
  integrity sha512-bY6fj56OUQ0hU1KjFNDQuJFezqKdrAyFdIevADiqrWHwSlbmBNMHp5ak2f40Pm8JTFyM2mqxkG6ngkHO11f/lg==

ansi-styles@^3.2.1:
  version "3.2.1"
  resolved "https://registry.yarnpkg.com/ansi-styles/-/ansi-styles-3.2.1.tgz#41fbb20243e50b12be0f04b8dedbf07520ce841d"
  integrity sha512-VT0ZI6kZRdTh8YyJw3SMbYm/u+NqfsAxEpWO0Pf9sq8/e94WxxOpPKx9FR1FlyCtOVDNOQ+8ntlqFxiRc+r5qA==
  dependencies:
    color-convert "^1.9.0"

ansi-styles@^4.0.0, ansi-styles@^4.1.0:
  version "4.3.0"
  resolved "https://registry.yarnpkg.com/ansi-styles/-/ansi-styles-4.3.0.tgz#edd803628ae71c04c85ae7a0906edad34b648937"
  integrity sha512-zbB9rCJAT1rbjiVDb2hqKFHNYLxgtk8NURxZ3IZwD3F6NtxbXZQCnnSi1Lkx+IDohdPlFp222wVALIheZJQSEg==
  dependencies:
    color-convert "^2.0.1"

ansi-styles@^5.0.0:
  version "5.2.0"
  resolved "https://registry.yarnpkg.com/ansi-styles/-/ansi-styles-5.2.0.tgz#07449690ad45777d1924ac2abb2fc8895dba836b"
  integrity sha512-Cxwpt2SfTzTtXcfOlzGEee8O+c+MmUgGrNiBcXnuWxuFJHe6a5Hz7qwhwe5OgaSYI0IJvkLqWX1ASG+cJOkEiA==

aria-query@^4.2.2:
  version "4.2.2"
  resolved "https://registry.yarnpkg.com/aria-query/-/aria-query-4.2.2.tgz#0d2ca6c9aceb56b8977e9fed6aed7e15bbd2f83b"
  integrity sha512-o/HelwhuKpTj/frsOsbNLNgnNGVIFsVP/SW2BSF14gVl7kAfMOJ6/8wUAUvG1R1NHKrfG+2sHZTu0yauT1qBrA==
  dependencies:
    "@babel/runtime" "^7.10.2"
    "@babel/runtime-corejs3" "^7.10.2"

atob@^2.1.2:
  version "2.1.2"
  resolved "https://registry.yarnpkg.com/atob/-/atob-2.1.2.tgz#6d9517eb9e030d2436666651e86bd9f6f13533c9"
  integrity sha512-Wm6ukoaOGJi/73p/cl2GvLjTI5JM1k/O14isD73YML8StrH/7/lRFgmg8nICZgD3bZZvjwCGxtMOD3wWNAu8cg==

chalk@^2.0.0:
  version "2.4.2"
  resolved "https://registry.yarnpkg.com/chalk/-/chalk-2.4.2.tgz#cd42541677a54333cf541a49108c1432b44c9424"
  integrity sha512-Mti+f9lpJNcwF4tWV8/OrTTtF1gZi+f8FqlyAdouralcFWFQWF2+NgCHShjkCb+IFBLq9buZwE1xckQU4peSuQ==
  dependencies:
    ansi-styles "^3.2.1"
    escape-string-regexp "^1.0.5"
    supports-color "^5.3.0"

chalk@^3.0.0:
  version "3.0.0"
  resolved "https://registry.yarnpkg.com/chalk/-/chalk-3.0.0.tgz#3f73c2bf526591f574cc492c51e2456349f844e4"
  integrity sha512-4D3B6Wf41KOYRFdszmDqMCGq5VV/uMAB273JILmO+3jAlh8X4qDtdtgCR3fxtbLEMzSx22QdhnDcJvu2u1fVwg==
  dependencies:
    ansi-styles "^4.1.0"
    supports-color "^7.1.0"

chalk@^4.0.0:
  version "4.1.0"
  resolved "https://registry.yarnpkg.com/chalk/-/chalk-4.1.0.tgz#4e14870a618d9e2edd97dd8345fd9d9dc315646a"
  integrity sha512-qwx12AxXe2Q5xQ43Ac//I6v5aXTipYrSESdOgzrN+9XjgEpyjpKuvSGaN4qE93f7TQTlerQQ8S+EQ0EyDoVL1A==
  dependencies:
    ansi-styles "^4.1.0"
    supports-color "^7.1.0"

chalk@^4.1.0:
  version "4.1.2"
  resolved "https://registry.yarnpkg.com/chalk/-/chalk-4.1.2.tgz#aac4e2b7734a740867aeb16bf02aad556a1e7a01"
  integrity sha512-oKnbhFyRIXpUuez8iBMmyEa4nbj4IOQyuhc/wy9kY7/WVPcwIO9VA668Pu8RkO7+0G76SLROeyw9CpQ061i4mA==
  dependencies:
    ansi-styles "^4.1.0"
    supports-color "^7.1.0"

chart.js@^2.9.4:
  version "2.9.4"
  resolved "https://registry.yarnpkg.com/chart.js/-/chart.js-2.9.4.tgz#0827f9563faffb2dc5c06562f8eb10337d5b9684"
  integrity sha512-B07aAzxcrikjAPyV+01j7BmOpxtQETxTSlQ26BEYJ+3iUkbNKaOJ/nDbT6JjyqYxseM0ON12COHYdU2cTIjC7A==
  dependencies:
    chartjs-color "^2.1.0"
    moment "^2.10.2"

chartjs-color-string@^0.6.0:
  version "0.6.0"
  resolved "https://registry.yarnpkg.com/chartjs-color-string/-/chartjs-color-string-0.6.0.tgz#1df096621c0e70720a64f4135ea171d051402f71"
  integrity sha512-TIB5OKn1hPJvO7JcteW4WY/63v6KwEdt6udfnDE9iCAZgy+V4SrbSxoIbTw/xkUIapjEI4ExGtD0+6D3KyFd7A==
  dependencies:
    color-name "^1.0.0"

chartjs-color@^2.1.0:
  version "2.4.1"
  resolved "https://registry.yarnpkg.com/chartjs-color/-/chartjs-color-2.4.1.tgz#6118bba202fe1ea79dd7f7c0f9da93467296c3b0"
  integrity sha512-haqOg1+Yebys/Ts/9bLo/BqUcONQOdr/hoEr2LLTRl6C5LXctUdHxsCYfvQVg5JIxITrfCNUDr4ntqmQk9+/0w==
  dependencies:
    chartjs-color-string "^0.6.0"
    color-convert "^1.9.3"

clsx@^1.0.4:
  version "1.1.1"
  resolved "https://registry.yarnpkg.com/clsx/-/clsx-1.1.1.tgz#98b3134f9abbdf23b2663491ace13c5c03a73188"
  integrity sha512-6/bPho624p3S2pMyvP5kKBPXnI3ufHLObBFCfgx+LkeR5lg2XYy2hqZqUf45ypD8COn2bhgGJSUE+l5dhNBieA==

color-convert@^1.9.0, color-convert@^1.9.3:
  version "1.9.3"
  resolved "https://registry.yarnpkg.com/color-convert/-/color-convert-1.9.3.tgz#bb71850690e1f136567de629d2d5471deda4c1e8"
  integrity sha512-QfAUtd+vFdAtFQcC8CCyYt1fYWxSqAiK2cSD6zDB8N3cpsEBAvRxp9zOGg6G/SHHJYAT88/az/IuDGALsNVbGg==
  dependencies:
    color-name "1.1.3"

color-convert@^2.0.1:
  version "2.0.1"
  resolved "https://registry.yarnpkg.com/color-convert/-/color-convert-2.0.1.tgz#72d3a68d598c9bdb3af2ad1e84f21d896abd4de3"
  integrity sha512-RRECPsj7iu/xb5oKYcsFHSppFNnsj/52OVTRKb4zP5onXwVF3zVmmToNcOfGC+CRDpfK/U584fMg38ZHCaElKQ==
  dependencies:
    color-name "~1.1.4"

color-name@1.1.3:
  version "1.1.3"
  resolved "https://registry.yarnpkg.com/color-name/-/color-name-1.1.3.tgz#a7d0558bd89c42f795dd42328f740831ca53bc25"
  integrity sha1-p9BVi9icQveV3UIyj3QIMcpTvCU=

color-name@^1.0.0, color-name@~1.1.4:
  version "1.1.4"
  resolved "https://registry.yarnpkg.com/color-name/-/color-name-1.1.4.tgz#c2a09a87acbde69543de6f63fa3995c826c536a2"
  integrity sha512-dOy+3AuW3a2wNbZHIuMZpTcgjGuLU/uBL/ubcZF9OXbDo8ff4O8yVp5Bf0efS8uEoYo5q4Fx7dY9OgQGXgAsQA==

core-js-pure@^3.0.0:
  version "3.9.0"
  resolved "https://registry.yarnpkg.com/core-js-pure/-/core-js-pure-3.9.0.tgz#326cc74e1fef8b7443a6a793ddb0adfcd81f9efb"
  integrity sha512-3pEcmMZC9Cq0D4ZBh3pe2HLtqxpGNJBLXF/kZ2YzK17RbKp94w0HFbdbSx8H8kAlZG5k76hvLrkPm57Uyef+kg==

css-vendor@^2.0.8:
  version "2.0.8"
  resolved "https://registry.yarnpkg.com/css-vendor/-/css-vendor-2.0.8.tgz#e47f91d3bd3117d49180a3c935e62e3d9f7f449d"
  integrity sha512-x9Aq0XTInxrkuFeHKbYC7zWY8ai7qJ04Kxd9MnvbC1uO5DagxoHQjm4JvG+vCdXOoFtCjbL2XSZfxmoYa9uQVQ==
  dependencies:
    "@babel/runtime" "^7.8.3"
    is-in-browser "^1.0.2"

css.escape@^1.5.1:
  version "1.5.1"
  resolved "https://registry.yarnpkg.com/css.escape/-/css.escape-1.5.1.tgz#42e27d4fa04ae32f931a4b4d4191fa9cddee97cb"
  integrity sha1-QuJ9T6BK4y+TGktNQZH6nN3ul8s=

css@^3.0.0:
  version "3.0.0"
  resolved "https://registry.yarnpkg.com/css/-/css-3.0.0.tgz#4447a4d58fdd03367c516ca9f64ae365cee4aa5d"
  integrity sha512-DG9pFfwOrzc+hawpmqX/dHYHJG+Bsdb0klhyi1sDneOgGOXy9wQIC8hzyVp1e4NRYDBdxcylvywPkkXCHAzTyQ==
  dependencies:
    inherits "^2.0.4"
    source-map "^0.6.1"
    source-map-resolve "^0.6.0"

csstype@^2.5.2:
  version "2.6.17"
  resolved "https://registry.yarnpkg.com/csstype/-/csstype-2.6.17.tgz#4cf30eb87e1d1a005d8b6510f95292413f6a1c0e"
  integrity sha512-u1wmTI1jJGzCJzWndZo8mk4wnPTZd1eOIYTYvuEyOQGfmDl3TrabCCfKnOC86FZwW/9djqTl933UF/cS425i9A==

csstype@^3.0.2:
  version "3.0.8"
  resolved "https://registry.yarnpkg.com/csstype/-/csstype-3.0.8.tgz#d2266a792729fb227cd216fb572f43728e1ad340"
  integrity sha512-jXKhWqXPmlUeoQnF/EhTtTl4C9SnrxSH/jZUih3jmO6lBKr99rP3/+FmrMj4EFpOXzMtXHAZkd3x0E6h6Fgflw==

decode-uri-component@^0.2.0:
  version "0.2.0"
  resolved "https://registry.yarnpkg.com/decode-uri-component/-/decode-uri-component-0.2.0.tgz#eb3913333458775cb84cd1a1fae062106bb87545"
  integrity sha1-6zkTMzRYd1y4TNGh+uBiEGu4dUU=

diff-sequences@^27.0.6:
  version "27.0.6"
  resolved "https://registry.yarnpkg.com/diff-sequences/-/diff-sequences-27.0.6.tgz#3305cb2e55a033924054695cc66019fd7f8e5723"
  integrity sha512-ag6wfpBFyNXZ0p8pcuIDS//D8H062ZQJ3fzYxjpmeKjnz8W4pekL3AI8VohmyZmsWW2PWaHgjsmqR6L13101VQ==

dom-accessibility-api@^0.5.6:
  version "0.5.7"
  resolved "https://registry.yarnpkg.com/dom-accessibility-api/-/dom-accessibility-api-0.5.7.tgz#8c2aa6325968f2933160a0b7dbb380893ddf3e7d"
  integrity sha512-ml3lJIq9YjUfM9TUnEPvEYWFSwivwIGBPKpewX7tii7fwCazA8yCioGdqQcNsItPpfFvSJ3VIdMQPj60LJhcQA==

dom-helpers@^5.0.1:
  version "5.2.1"
  resolved "https://registry.yarnpkg.com/dom-helpers/-/dom-helpers-5.2.1.tgz#d9400536b2bf8225ad98fe052e029451ac40e902"
  integrity sha512-nRCa7CK3VTrM2NmGkIy4cbK7IZlgBE/PYMn55rrXefr5xXDP0LdtfPnblFDoVdcAfslJ7or6iqAUnx0CCGIWQA==
  dependencies:
    "@babel/runtime" "^7.8.7"
    csstype "^3.0.2"

escape-string-regexp@^1.0.5:
  version "1.0.5"
  resolved "https://registry.yarnpkg.com/escape-string-regexp/-/escape-string-regexp-1.0.5.tgz#1b61c0562190a8dff6ae3bb2cf0200ca130b86d4"
  integrity sha1-G2HAViGQqN/2rjuyzwIAyhMLhtQ=

has-flag@^3.0.0:
  version "3.0.0"
  resolved "https://registry.yarnpkg.com/has-flag/-/has-flag-3.0.0.tgz#b5d454dc2199ae225699f3467e5a07f3b955bafd"
  integrity sha1-tdRU3CGZriJWmfNGfloH87lVuv0=

has-flag@^4.0.0:
  version "4.0.0"
  resolved "https://registry.yarnpkg.com/has-flag/-/has-flag-4.0.0.tgz#944771fd9c81c81265c4d6941860da06bb59479b"
  integrity sha512-EykJT/Q1KjTWctppgIAgfSO0tKVuZUjhgMr17kqTumMl6Afv3EISleU7qZUzoXDFTAHTDC4NOoG/ZxU3EvlMPQ==

hoist-non-react-statics@^3.3.2:
  version "3.3.2"
  resolved "https://registry.yarnpkg.com/hoist-non-react-statics/-/hoist-non-react-statics-3.3.2.tgz#ece0acaf71d62c2969c2ec59feff42a4b1a85b45"
  integrity sha512-/gGivxi8JPKWNm/W0jSmzcMPpfpPLc3dY/6GxhX2hQ9iGj3aDfklV4ET7NjKpSinLpJ5vafa9iiGIEZg10SfBw==
  dependencies:
    react-is "^16.7.0"

hyphenate-style-name@^1.0.3:
  version "1.0.4"
  resolved "https://registry.yarnpkg.com/hyphenate-style-name/-/hyphenate-style-name-1.0.4.tgz#691879af8e220aea5750e8827db4ef62a54e361d"
  integrity sha512-ygGZLjmXfPHj+ZWh6LwbC37l43MhfztxetbFCoYTM2VjkIUpeHgSNn7QIyVFj7YQ1Wl9Cbw5sholVJPzWvC2MQ==

indent-string@^4.0.0:
  version "4.0.0"
  resolved "https://registry.yarnpkg.com/indent-string/-/indent-string-4.0.0.tgz#624f8f4497d619b2d9768531d58f4122854d7251"
  integrity sha512-EdDDZu4A2OyIK7Lr/2zG+w5jmbuk1DVBnEwREQvBzspBJkCEbRa8GxU1lghYcaGJCnRWibjDXlq779X1/y5xwg==

inherits@^2.0.4:
  version "2.0.4"
  resolved "https://registry.yarnpkg.com/inherits/-/inherits-2.0.4.tgz#0fa2c64f932917c3433a0ded55363aae37416b7c"
  integrity sha512-k/vGaX4/Yla3WzyMCvTQOXYeIHvqOKtnqBduzTHpzpQZzAskKMhZ2K+EnBiSM9zGSoIFeMpXKxa4dYeZIQqewQ==

is-in-browser@^1.0.2, is-in-browser@^1.1.3:
  version "1.1.3"
  resolved "https://registry.yarnpkg.com/is-in-browser/-/is-in-browser-1.1.3.tgz#56ff4db683a078c6082eb95dad7dc62e1d04f835"
  integrity sha1-Vv9NtoOgeMYILrldrX3GLh0E+DU=

jest-diff@^27.0.0:
  version "27.1.0"
  resolved "https://registry.yarnpkg.com/jest-diff/-/jest-diff-27.1.0.tgz#c7033f25add95e2218f3c7f4c3d7b634ab6b3cd2"
  integrity sha512-rjfopEYl58g/SZTsQFmspBODvMSytL16I+cirnScWTLkQVXYVZfxm78DFfdIIXc05RCYuGjxJqrdyG4PIFzcJg==
  dependencies:
    chalk "^4.0.0"
    diff-sequences "^27.0.6"
    jest-get-type "^27.0.6"
    pretty-format "^27.1.0"

jest-get-type@^27.0.6:
  version "27.0.6"
  resolved "https://registry.yarnpkg.com/jest-get-type/-/jest-get-type-27.0.6.tgz#0eb5c7f755854279ce9b68a9f1a4122f69047cfe"
  integrity sha512-XTkK5exIeUbbveehcSR8w0bhH+c0yloW/Wpl+9vZrjzztCPWrxhHwkIFpZzCt71oRBsgxmuUfxEqOYoZI2macg==

"js-tokens@^3.0.0 || ^4.0.0", js-tokens@^4.0.0:
  version "4.0.0"
  resolved "https://registry.yarnpkg.com/js-tokens/-/js-tokens-4.0.0.tgz#19203fb59991df98e3a287050d4647cdeaf32499"
  integrity sha512-RdJUflcE3cUzKiMqQgsCu06FPu9UdIJO0beYbPhHN4k6apgJtifcoCtT9bcxOpYBtpD2kCM6Sbzg4CausW/PKQ==

jss-plugin-camel-case@^10.5.1:
  version "10.7.1"
  resolved "https://registry.yarnpkg.com/jss-plugin-camel-case/-/jss-plugin-camel-case-10.7.1.tgz#e7f7097cf97e9deec599cef3275e213452318b93"
  integrity sha512-+ioIyWvmAfgDCWXsQcW1NMnLBvRinOVFkSYJUgewQ6TynOcSj5F1bSU23B7z0p1iqK0PPHIU62xY1iNJD33WGA==
  dependencies:
    "@babel/runtime" "^7.3.1"
    hyphenate-style-name "^1.0.3"
    jss "10.7.1"

jss-plugin-default-unit@^10.5.1:
  version "10.7.1"
  resolved "https://registry.yarnpkg.com/jss-plugin-default-unit/-/jss-plugin-default-unit-10.7.1.tgz#826270e2ee38d7024a281ac67c30d6944f124786"
  integrity sha512-tW+dfYVNARBQb/ONzBwd8uyImigyzMiAEDai+AbH5rcHg5h3TtqhAkxx06iuZiT/dZUiFdSKlbe3q9jZGAPIwA==
  dependencies:
    "@babel/runtime" "^7.3.1"
    jss "10.7.1"

jss-plugin-global@^10.5.1:
  version "10.7.1"
  resolved "https://registry.yarnpkg.com/jss-plugin-global/-/jss-plugin-global-10.7.1.tgz#9725c46d662aac2e596a0a8741944c060e2b90a1"
  integrity sha512-FbxCnu44IkK/bw8X3CwZKmcAnJqjAb9LujlAc/aP0bMSdVa3/MugKQRyeQSu00uGL44feJJDoeXXiHOakBr/Zw==
  dependencies:
    "@babel/runtime" "^7.3.1"
    jss "10.7.1"

jss-plugin-nested@^10.5.1:
  version "10.7.1"
  resolved "https://registry.yarnpkg.com/jss-plugin-nested/-/jss-plugin-nested-10.7.1.tgz#35563a7a710a45307fd6b9742ffada1d72a62eb7"
  integrity sha512-RNbICk7FlYKaJyv9tkMl7s6FFfeLA3ubNIFKvPqaWtADK0KUaPsPXVYBkAu4x1ItgsWx67xvReMrkcKA0jSXfA==
  dependencies:
    "@babel/runtime" "^7.3.1"
    jss "10.7.1"
    tiny-warning "^1.0.2"

jss-plugin-props-sort@^10.5.1:
  version "10.7.1"
  resolved "https://registry.yarnpkg.com/jss-plugin-props-sort/-/jss-plugin-props-sort-10.7.1.tgz#1d12b26048541ed3a2ed1b69f7fc231605728362"
  integrity sha512-eyd5FhA+J0QrpqXxO7YNF/HMSXXl4pB0EmUdY4vSJI4QG22F59vQ6AHtP6fSwhmBdQ98Qd9gjfO+RMxcE39P1A==
  dependencies:
    "@babel/runtime" "^7.3.1"
    jss "10.7.1"

jss-plugin-rule-value-function@^10.5.1:
  version "10.7.1"
  resolved "https://registry.yarnpkg.com/jss-plugin-rule-value-function/-/jss-plugin-rule-value-function-10.7.1.tgz#123eb796eb9982f8efa7a7e362daddd90c0c69fe"
  integrity sha512-fGAAImlbaHD3fXAHI3ooX6aRESOl5iBt3LjpVjxs9II5u9tzam7pqFUmgTcrip9VpRqYHn8J3gA7kCtm8xKwHg==
  dependencies:
    "@babel/runtime" "^7.3.1"
    jss "10.7.1"
    tiny-warning "^1.0.2"

jss-plugin-vendor-prefixer@^10.5.1:
  version "10.7.1"
  resolved "https://registry.yarnpkg.com/jss-plugin-vendor-prefixer/-/jss-plugin-vendor-prefixer-10.7.1.tgz#217821be2d6dacee31d2d464886760ba7742e19a"
  integrity sha512-1UHFmBn7hZNsHXTkLLOL8abRl8vi+D1EVzWD4WmLFj55vawHZfnH1oEz6TUf5Y61XHv0smdHabdXds6BgOXe3A==
  dependencies:
    "@babel/runtime" "^7.3.1"
    css-vendor "^2.0.8"
    jss "10.7.1"

jss@10.7.1, jss@^10.5.1:
  version "10.7.1"
  resolved "https://registry.yarnpkg.com/jss/-/jss-10.7.1.tgz#16d846e1a22fb42e857b99f9c6a0c5a27341c804"
  integrity sha512-5QN8JSVZR6cxpZNeGfzIjqPEP+ZJwJJfZbXmeABNdxiExyO+eJJDy6WDtqTf8SDKnbL5kZllEpAP71E/Lt7PXg==
  dependencies:
    "@babel/runtime" "^7.3.1"
    csstype "^3.0.2"
    is-in-browser "^1.1.3"
    tiny-warning "^1.0.2"

lodash@^4.17.15, lodash@^4.17.19:
  version "4.17.21"
  resolved "https://registry.yarnpkg.com/lodash/-/lodash-4.17.21.tgz#679591c564c3bffaae8454cf0b3df370c3d6911c"
  integrity sha512-v2kDEe57lecTulaDIuNTPy3Ry4gLGJ6Z1O3vE1krgXZNrsQ+LFTGHVxVjcXPs17LhbZVGedAJv8XZ1tvj5FvSg==

loose-envify@^1.1.0, loose-envify@^1.4.0:
  version "1.4.0"
  resolved "https://registry.yarnpkg.com/loose-envify/-/loose-envify-1.4.0.tgz#71ee51fa7be4caec1a63839f7e682d8132d30caf"
  integrity sha512-lyuxPGr/Wfhrlem2CL/UcnUc1zcqKAImBDzukY7Y5F/yQiNdko6+fRLevlw1HgMySw7f611UIY408EtxRSoK3Q==
  dependencies:
    js-tokens "^3.0.0 || ^4.0.0"

lz-string@^1.4.4:
  version "1.4.4"
  resolved "https://registry.yarnpkg.com/lz-string/-/lz-string-1.4.4.tgz#c0d8eaf36059f705796e1e344811cf4c498d3a26"
  integrity sha1-wNjq82BZ9wV5bh40SBHPTEmNOiY=

min-indent@^1.0.0:
  version "1.0.1"
  resolved "https://registry.yarnpkg.com/min-indent/-/min-indent-1.0.1.tgz#a63f681673b30571fbe8bc25686ae746eefa9869"
  integrity sha512-I9jwMn07Sy/IwOj3zVkVik2JTvgpaykDZEigL6Rx6N9LbMywwUSMtxET+7lVoDLLd3O3IXwJwvuuns8UB/HeAg==

moment@^2.10.2:
  version "2.29.1"
  resolved "https://registry.yarnpkg.com/moment/-/moment-2.29.1.tgz#b2be769fa31940be9eeea6469c075e35006fa3d3"
  integrity sha512-kHmoybcPV8Sqy59DwNDY3Jefr64lK/by/da0ViFcuA4DH0vQg5Q6Ze5VimxkfQNSC+Mls/Kx53s7TjP1RhFEDQ==

object-assign@^4.1.1:
  version "4.1.1"
  resolved "https://registry.yarnpkg.com/object-assign/-/object-assign-4.1.1.tgz#2109adc7965887cfc05cbbd442cac8bfbb360863"
  integrity sha1-IQmtx5ZYh8/AXLvUQsrIv7s2CGM=

popper.js@1.16.1-lts:
  version "1.16.1-lts"
  resolved "https://registry.yarnpkg.com/popper.js/-/popper.js-1.16.1-lts.tgz#cf6847b807da3799d80ee3d6d2f90df8a3f50b05"
  integrity sha512-Kjw8nKRl1m+VrSFCoVGPph93W/qrSO7ZkqPpTf7F4bk/sqcfWK019dWBUpE/fBOsOQY1dks/Bmcbfn1heM/IsA==

pretty-format@^26.6.2:
  version "26.6.2"
  resolved "https://registry.yarnpkg.com/pretty-format/-/pretty-format-26.6.2.tgz#e35c2705f14cb7fe2fe94fa078345b444120fc93"
  integrity sha512-7AeGuCYNGmycyQbCqd/3PWH4eOoX/OiCa0uphp57NVTeAGdJGaAliecxwBDHYQCIvrW7aDBZCYeNTP/WX69mkg==
  dependencies:
    "@jest/types" "^26.6.2"
    ansi-regex "^5.0.0"
    ansi-styles "^4.0.0"
    react-is "^17.0.1"

pretty-format@^27.0.0, pretty-format@^27.1.0:
  version "27.1.0"
  resolved "https://registry.yarnpkg.com/pretty-format/-/pretty-format-27.1.0.tgz#022f3fdb19121e0a2612f3cff8d724431461b9ca"
  integrity sha512-4aGaud3w3rxAO6OXmK3fwBFQ0bctIOG3/if+jYEFGNGIs0EvuidQm3bZ9mlP2/t9epLNC/12czabfy7TZNSwVA==
  dependencies:
    "@jest/types" "^27.1.0"
    ansi-regex "^5.0.0"
    ansi-styles "^5.0.0"
    react-is "^17.0.1"

prop-types@^15.6.2, prop-types@^15.7.2:
  version "15.7.2"
  resolved "https://registry.yarnpkg.com/prop-types/-/prop-types-15.7.2.tgz#52c41e75b8c87e72b9d9360e0206b99dcbffa6c5"
  integrity sha512-8QQikdH7//R2vurIJSutZ1smHYTcLpRWEOlHnzcWHmBYrOGUysKwSsrC89BCiFj3CbrfJ/nXFdJepOVrY1GCHQ==
  dependencies:
    loose-envify "^1.4.0"
    object-assign "^4.1.1"
    react-is "^16.8.1"

react-chartjs-2@^2.9.0:
  version "2.11.2"
  resolved "https://registry.yarnpkg.com/react-chartjs-2/-/react-chartjs-2-2.11.2.tgz#156c0d2618600561efc23bef278bd48a335cadb6"
  integrity sha512-hcPS9vmRJeAALPPf0uo02BiD8BDm0HNmneJYTZVR74UKprXOpql+Jy1rVuj93rKw0Jfx77mkcRfXPxTe5K83uw==
  dependencies:
    lodash "^4.17.19"
    prop-types "^15.7.2"

react-dom@^17.0.2:
  version "17.0.2"
  resolved "https://registry.yarnpkg.com/react-dom/-/react-dom-17.0.2.tgz#ecffb6845e3ad8dbfcdc498f0d0a939736502c23"
  integrity sha512-s4h96KtLDUQlsENhMn1ar8t2bEa+q/YAtj8pPPdIjPDGBDIVNsrD9aXNWqspUe6AzKCIG0C1HZZLqLV7qpOBGA==
  dependencies:
    loose-envify "^1.1.0"
    object-assign "^4.1.1"
    scheduler "^0.20.2"

react-is@^16.7.0, react-is@^16.8.1:
  version "16.13.1"
  resolved "https://registry.yarnpkg.com/react-is/-/react-is-16.13.1.tgz#789729a4dc36de2999dc156dd6c1d9c18cea56a4"
  integrity sha512-24e6ynE2H+OKt4kqsOvNd8kBpV65zoxbA4BVsEOB3ARVWQki/DHzaUoC5KuON/BiccDaCCTZBuOcfZs70kR8bQ==

"react-is@^16.8.0 || ^17.0.0":
  version "17.0.2"
  resolved "https://registry.yarnpkg.com/react-is/-/react-is-17.0.2.tgz#e691d4a8e9c789365655539ab372762b0efb54f0"
  integrity sha512-w2GsyukL62IJnlaff/nRegPQR94C/XXamvMWmSHRJ4y7Ts/4ocGRmTHvOs8PSE6pB3dWOrD/nueuU5sduBsQ4w==

react-is@^17.0.1:
  version "17.0.1"
  resolved "https://registry.yarnpkg.com/react-is/-/react-is-17.0.1.tgz#5b3531bd76a645a4c9fb6e693ed36419e3301339"
  integrity sha512-NAnt2iGDXohE5LI7uBnLnqvLQMtzhkiAOLXTmv+qnF9Ky7xAPcX8Up/xWIhxvLVGJvuLiNc4xQLtuqDRzb4fSA==

react-transition-group@^4.4.0:
  version "4.4.2"
  resolved "https://registry.yarnpkg.com/react-transition-group/-/react-transition-group-4.4.2.tgz#8b59a56f09ced7b55cbd53c36768b922890d5470"
  integrity sha512-/RNYfRAMlZwDSr6z4zNKV6xu53/e2BuaBbGhbyYIXTrmgu/bGHzmqOs7mJSJBHy9Ud+ApHx3QjrkKSp1pxvlFg==
  dependencies:
    "@babel/runtime" "^7.5.5"
    dom-helpers "^5.0.1"
    loose-envify "^1.4.0"
    prop-types "^15.6.2"

react@^17.0.2:
  version "17.0.2"
  resolved "https://registry.yarnpkg.com/react/-/react-17.0.2.tgz#d0b5cc516d29eb3eee383f75b62864cfb6800037"
  integrity sha512-gnhPt75i/dq/z3/6q/0asP78D0u592D5L1pd7M8P+dck6Fu/jJeL6iVVK23fptSUZj8Vjf++7wXA8UNclGQcbA==
  dependencies:
    loose-envify "^1.1.0"
    object-assign "^4.1.1"

redent@^3.0.0:
  version "3.0.0"
  resolved "https://registry.yarnpkg.com/redent/-/redent-3.0.0.tgz#e557b7998316bb53c9f1f56fa626352c6963059f"
  integrity sha512-6tDA8g98We0zd0GvVeMT9arEOnTw9qM03L9cJXaCjrip1OO764RDBLBfrB4cwzNGDj5OA5ioymC9GkizgWJDUg==
  dependencies:
    indent-string "^4.0.0"
    strip-indent "^3.0.0"

regenerator-runtime@^0.13.4:
  version "0.13.7"
  resolved "https://registry.yarnpkg.com/regenerator-runtime/-/regenerator-runtime-0.13.7.tgz#cac2dacc8a1ea675feaabaeb8ae833898ae46f55"
  integrity sha512-a54FxoJDIr27pgf7IgeQGxmqUNYrcV338lf/6gH456HZ/PhX+5BcwHXG9ajESmwe6WRO0tAzRUrRmNONWgkrew==

scheduler@^0.20.2:
  version "0.20.2"
  resolved "https://registry.yarnpkg.com/scheduler/-/scheduler-0.20.2.tgz#4baee39436e34aa93b4874bddcbf0fe8b8b50e91"
  integrity sha512-2eWfGgAqqWFGqtdMmcL5zCMK1U8KlXv8SQFGglL3CEtd0aDVDWgeF/YoCmvln55m5zSk3J/20hTaSBeSObsQDQ==
  dependencies:
    loose-envify "^1.1.0"
    object-assign "^4.1.1"

source-map-resolve@^0.6.0:
  version "0.6.0"
  resolved "https://registry.yarnpkg.com/source-map-resolve/-/source-map-resolve-0.6.0.tgz#3d9df87e236b53f16d01e58150fc7711138e5ed2"
  integrity sha512-KXBr9d/fO/bWo97NXsPIAW1bFSBOuCnjbNTBMO7N59hsv5i9yzRDfcYwwt0l04+VqnKC+EwzvJZIP/qkuMgR/w==
  dependencies:
    atob "^2.1.2"
    decode-uri-component "^0.2.0"

source-map@^0.6.1:
  version "0.6.1"
  resolved "https://registry.yarnpkg.com/source-map/-/source-map-0.6.1.tgz#74722af32e9614e9c287a8d0bbde48b5e2f1a263"
  integrity sha512-UjgapumWlbMhkBgzT7Ykc5YXUT46F0iKu8SGXq0bcwP5dz/h0Plj6enJqjz1Zbq2l5WaqYnrVbwWOWMyF3F47g==

strip-indent@^3.0.0:
  version "3.0.0"
  resolved "https://registry.yarnpkg.com/strip-indent/-/strip-indent-3.0.0.tgz#c32e1cee940b6b3432c771bc2c54bcce73cd3001"
  integrity sha512-laJTa3Jb+VQpaC6DseHhF7dXVqHTfJPCRDaEbid/drOhgitgYku/letMUqOXFoWV0zIIUbjpdH2t+tYj4bQMRQ==
  dependencies:
    min-indent "^1.0.0"

supports-color@^5.3.0:
  version "5.5.0"
  resolved "https://registry.yarnpkg.com/supports-color/-/supports-color-5.5.0.tgz#e2e69a44ac8772f78a1ec0b35b689df6530efc8f"
  integrity sha512-QjVjwdXIt408MIiAqCX4oUKsgU2EqAGzs2Ppkm4aQYbjm+ZEWEcW4SfFNTr4uMNZma0ey4f5lgLrkB0aX0QMow==
  dependencies:
    has-flag "^3.0.0"

supports-color@^7.1.0:
  version "7.2.0"
  resolved "https://registry.yarnpkg.com/supports-color/-/supports-color-7.2.0.tgz#1b7dcdcb32b8138801b3e478ba6a51caa89648da"
  integrity sha512-qpCAvRl9stuOHveKsn7HncJRvv501qIacKzQlO/+Lwxc9+0q2wLyv4Dfvt80/DPn2pqOBsJdDiogXGR9+OvwRw==
  dependencies:
    has-flag "^4.0.0"

tiny-warning@^1.0.2:
  version "1.0.3"
  resolved "https://registry.yarnpkg.com/tiny-warning/-/tiny-warning-1.0.3.tgz#94a30db453df4c643d0fd566060d60a875d84754"
  integrity sha512-lBN9zLN/oAf68o3zNXYrdCt1kP8WsiGW8Oo2ka41b2IM5JL/S1CTyX1rW0mb/zSuJun0ZUrDxx4sqvYS2FWzPA==

web-vitals@^1.0.1:
  version "1.1.2"
  resolved "https://registry.yarnpkg.com/web-vitals/-/web-vitals-1.1.2.tgz#06535308168986096239aa84716e68b4c6ae6d1c"
  integrity sha512-PFMKIY+bRSXlMxVAQ+m2aw9c/ioUYfDgrYot0YUa+/xa0sakubWhSDyxAKwzymvXVdF4CZI71g06W+mqhzu6ig==
